
Microsoft Visual Studio Solution File, Format Version 12.00
# Visual Studio Version 17
VisualStudioVersion = 17.11.35312.102
MinimumVisualStudioVersion = 10.0.40219.1
Project("{FAE04EC0-301F-11D3-BF4B-00C04F79EFBC}") = "Appweb", "Appweb\Appweb.csproj", "{4E8CAD69-D5EE-498D-B061-C509D2B85C2B}"
EndProject
Global
	GlobalSection(SolutionConfigurationPlatforms) = preSolution
		Debug|Any CPU = Debug|Any CPU
		Release|Any CPU = Release|Any CPU
	EndGlobalSection
	GlobalSection(ProjectConfigurationPlatforms) = postSolution
		{4E8CAD69-D5EE-498D-B061-C509D2B85C2B}.Debug|Any CPU.ActiveCfg = Debug|Any CPU
		{4E8CAD69-D5EE-498D-B061-C509D2B85C2B}.Debug|Any CPU.Build.0 = Debug|Any CPU
		{4E8CAD69-D5EE-498D-B061-C509D2B85C2B}.Release|Any CPU.ActiveCfg = Release|Any CPU
		{4E8CAD69-D5EE-498D-B061-C509D2B85C2B}.Release|Any CPU.Build.0 = Release|Any CPU
	EndGlobalSection
	GlobalSection(SolutionProperties) = preSolution
		HideSolutionNode = FALSE
	EndGlobalSection
	GlobalSection(ExtensibilityGlobals) = postSolution
		SolutionGuid = {DDDAF004-78EF-43A8-8837-0C67AEAF9843}
	EndGlobalSection
EndGlobal
